github.com/ananagame/rich-go v0.0.0-20200319172754-527649f3d36d h1:A6eLJwlu+zpUBm+iTD9JFT9m3JX0SIALnSutn3LymTs=
github.com/ananagame/rich-go v0.0.0-20200319172754-527649f3d36d/go.mod h1:U9YxCfeNzWcDUs4O8lQfUyz9txKHTojVykpQicaZhyU=
github.com/andybrewer/mack v0.0.0-20200226161639-15be3d47cc54 h1:uZMWs9VZiUv6J6gHdlDUA4Y11ckPLe+qYagoHfQb6BY=
github.com/andybrewer/mack v0.0.0-20200226161639-15be3d47cc54/go.mod h1:unYm1XWSUgGRVv0MaRe3DFEGh2OEcUQ/sFSGxXjXBfI=
github.com/nattawitc/rich-go v0.0.0-20200402133947-4fcadd738f5b h1:XbxVgEbF+s3Jtq4wKlpvbzxgIYBhmgBiba8l5Gh07DE=
github.com/nattawitc/rich-go v0.0.0-20200402133947-4fcadd738f5b/go.mod h1:YKl2hK9Pfe1y+D/MwN/XMCcRzGnoTcTPPa58U5DT3NQ=
github.com/nfnt/resize v0.0.0-20180221191011-83c6a9932646 h1:zYyBkD/k9seD2A7fsi6Oo2LfFZAehjjQMERAvZLEDnQ=
github.com/nfnt/resize v0.0.0-20180221191011-83c6a9932646/go.mod h1:jpp1/29i3P1S/RLdc7JQKbRpFeM1dOBd8T9ki5s+AY8=
golang.org/x/text v0.3.2 h1:tW2bmiBqwgJj/UpqtC8EpXEZVYOwU0yG4iWbprSVAcs=
golang.org/x/text v0.3.2/go.mod h1:bEr9sfX3Q8Zfm5fL9x+3itogRgK3+ptLWKqgva+5dAk=
golang.org/x/tools v0.0.0-20180917221912-90fa682c2a6e/go.mod h1:n7NCudcB/nEzxVGmLbDWY5pfWTLqBcC2KZ6jyYvM4mQ=
gopkg.in/natefinch/npipe.v2 v2.0.0-20160621034901-c1b8fa8bdcce h1:+JknDZhAj8YMt7GC73Ei8pv4MzjDUNPHgQWJdtMAaDU=
gopkg.in/natefinch/npipe.v2 v2.0.0-20160621034901-c1b8fa8bdcce/go.mod h1:5AcXVHNjg+BDxry382+8OKon8SEWiKktQR07RKPsv1c=
